
Microsoft Visual Studio Solution File, Format Version 12.00
# Visual Studio 15
VisualStudioVersion = 15.0.27130.2036
MinimumVisualStudioVersion = 10.0.40219.1
Project("{DA7A21FA-8162-4350-AD77-A8D1B671F3ED}") = "Lab4 - Web Scraping", "Lab4 - Web Scraping.rxproj", "{B95C456C-B6C7-4623-89D2-0508C95B008B}"
EndProject
Global
	GlobalSection(SolutionConfigurationPlatforms) = preSolution
		Debug|Any CPU = Debug|Any CPU
		Release|Any CPU = Release|Any CPU
	EndGlobalSection
	GlobalSection(ProjectConfigurationPlatforms) = postSolution
		{B95C456C-B6C7-4623-89D2-0508C95B008B}.Debug|Any CPU.ActiveCfg = Debug|Any CPU
		{B95C456C-B6C7-4623-89D2-0508C95B008B}.Debug|Any CPU.Build.0 = Debug|Any CPU
		{B95C456C-B6C7-4623-89D2-0508C95B008B}.Release|Any CPU.ActiveCfg = Release|Any CPU
		{B95C456C-B6C7-4623-89D2-0508C95B008B}.Release|Any CPU.Build.0 = Release|Any CPU
	EndGlobalSection
	GlobalSection(SolutionProperties) = preSolution
		HideSolutionNode = FALSE
	EndGlobalSection
	GlobalSection(ExtensibilityGlobals) = postSolution
		SolutionGuid = {98008EE1-6187-4549-A4E9-E38B212EA281}
	EndGlobalSection
EndGlobal
