
Microsoft Visual Studio Solution File, Format Version 12.00
# Visual Studio 15
VisualStudioVersion = 15.0.27130.2036
MinimumVisualStudioVersion = 10.0.40219.1
Project("{DA7A21FA-8162-4350-AD77-A8D1B671F3ED}") = "Class-Statistics", "Class-Statistics.rxproj", "{C51BBB76-8717-4B5C-868C-0CAF1959DE92}"
EndProject
Global
	GlobalSection(SolutionConfigurationPlatforms) = preSolution
		Debug|Any CPU = Debug|Any CPU
		Release|Any CPU = Release|Any CPU
	EndGlobalSection
	GlobalSection(ProjectConfigurationPlatforms) = postSolution
		{C51BBB76-8717-4B5C-868C-0CAF1959DE92}.Debug|Any CPU.ActiveCfg = Debug|Any CPU
		{C51BBB76-8717-4B5C-868C-0CAF1959DE92}.Debug|Any CPU.Build.0 = Debug|Any CPU
		{C51BBB76-8717-4B5C-868C-0CAF1959DE92}.Release|Any CPU.ActiveCfg = Release|Any CPU
		{C51BBB76-8717-4B5C-868C-0CAF1959DE92}.Release|Any CPU.Build.0 = Release|Any CPU
	EndGlobalSection
	GlobalSection(SolutionProperties) = preSolution
		HideSolutionNode = FALSE
	EndGlobalSection
	GlobalSection(ExtensibilityGlobals) = postSolution
		SolutionGuid = {664D740C-17CD-47CE-88F5-10FEC9056121}
	EndGlobalSection
EndGlobal
